<?xml version="1.0" encoding="utf-8"?>
<Project ToolsVersion="4.0" xmlns="http://schemas.microsoft.com/developer/msbuild/2003">
  <ItemGroup>
    <Filter Include="Source Files">
      <UniqueIdentifier>{4FC737F1-C7A5-4376-A066-2A32D752A2FF}</UniqueIdentifier>
      <Extensions>cpp;c;cc;cxx;def;odl;idl;hpj;bat;asm;asmx</Extensions>
    </Filter>
    <Filter Include="Header Files">
      <UniqueIdentifier>{93995380-89BD-4b04-88EB-625FBE52EBFB}</UniqueIdentifier>
      <Extensions>h;hh;hpp;hxx;hm;inl;inc;xsd</Extensions>
    </Filter>
    <Filter Include="Resource Files">
      <UniqueIdentifier>{67DA6AB6-F800-4c08-8B7A-83BB121AAD01}</UniqueIdentifier>
      <Extensions>rc;ico;cur;bmp;dlg;rc2;rct;bin;rgs;gif;jpg;jpeg;jpe;resx;tiff;tif;png;wav;mfcribbon-ms</Extensions>
    </Filter>
  </ItemGroup>
  <ItemGroup>
    <ClCompile Include="GW2TacO.cpp">
      <Filter>Source Files</Filter>
    </ClCompile>
    <ClCompile Include="GW2Tactical.cpp">
      <Filter>Source Files</Filter>
    </ClCompile>
    <ClCompile Include="MapTimer.cpp">
      <Filter>Source Files</Filter>
    </ClCompile>
    <ClCompile Include="MouseHighlight.cpp">
      <Filter>Source Files</Filter>
    </ClCompile>
    <ClCompile Include="MumbleLink.cpp">
      <Filter>Source Files</Filter>
    </ClCompile>
    <ClCompile Include="OverlayApplication.cpp">
      <Filter>Source Files</Filter>
    </ClCompile>
    <ClCompile Include="ProFont.cpp">
      <Filter>Source Files</Filter>
    </ClCompile>
    <ClCompile Include="OverlayConfig.cpp">
      <Filter>Source Files</Filter>
    </ClCompile>
    <ClCompile Include="GW2TacOMenu.cpp">
      <Filter>Source Files</Filter>
    </ClCompile>
    <ClCompile Include="OverlayWindow.cpp">
      <Filter>Source Files</Filter>
    </ClCompile>
    <ClCompile Include="BuildInfo.cpp">
      <Filter>Source Files</Filter>
    </ClCompile>
    <ClCompile Include="TS3Connection.cpp">
      <Filter>Source Files</Filter>
    </ClCompile>
    <ClCompile Include="TS3Control.cpp">
      <Filter>Source Files</Filter>
    </ClCompile>
    <ClCompile Include="LocationalTimer.cpp">
      <Filter>Source Files</Filter>
    </ClCompile>
    <ClCompile Include="MarkerEditor.cpp">
      <Filter>Source Files</Filter>
    </ClCompile>
    <ClCompile Include="TacticalCompass.cpp">
      <Filter>Source Files</Filter>
    </ClCompile>
    <ClCompile Include="RangeDisplay.cpp">
      <Filter>Source Files</Filter>
    </ClCompile>
    <ClCompile Include="HPGrid.cpp">
      <Filter>Source Files</Filter>
    </ClCompile>
    <ClCompile Include="Notepad.cpp">
      <Filter>Source Files</Filter>
    </ClCompile>
    <ClCompile Include="GW2API.cpp">
      <Filter>Source Files</Filter>
    </ClCompile>
    <ClCompile Include="RaidProgress.cpp">
      <Filter>Source Files</Filter>
    </ClCompile>
    <ClCompile Include="DungeonProgress.cpp">
      <Filter>Source Files</Filter>
    </ClCompile>
    <ClCompile Include="WvW.cpp">
      <Filter>Source Files</Filter>
    </ClCompile>
    <ClCompile Include="SpecialGUIItems.cpp">
      <Filter>Source Files</Filter>
    </ClCompile>
    <ClCompile Include="TrailLogger.cpp">
      <Filter>Source Files</Filter>
    </ClCompile>
    <ClCompile Include="Language.cpp">
      <Filter>Source Files</Filter>
    </ClCompile>
    <ClCompile Include="TPTracker.cpp">
      <Filter>Source Files</Filter>
    </ClCompile>
    <ClCompile Include="InputHooks.cpp">
      <Filter>Source Files</Filter>
    </ClCompile>
  </ItemGroup>
  <ItemGroup>
    <ClInclude Include="GW2Tactical.h">
      <Filter>Header Files</Filter>
    </ClInclude>
    <ClInclude Include="MapTimer.h">
      <Filter>Header Files</Filter>
    </ClInclude>
    <ClInclude Include="MouseHighlight.h">
      <Filter>Header Files</Filter>
    </ClInclude>
    <ClInclude Include="MumbleLink.h">
      <Filter>Header Files</Filter>
    </ClInclude>
    <ClInclude Include="OverlayApplication.h">
      <Filter>Header Files</Filter>
    </ClInclude>
    <ClInclude Include="ProFont.h">
      <Filter>Header Files</Filter>
    </ClInclude>
    <ClInclude Include="OverlayConfig.h">
      <Filter>Header Files</Filter>
    </ClInclude>
    <ClInclude Include="GW2TacOMenu.h">
      <Filter>Header Files</Filter>
    </ClInclude>
    <ClInclude Include="OverlayWindow.h">
      <Filter>Header Files</Filter>
    </ClInclude>
    <ClInclude Include="BuildCount.h">
      <Filter>Header Files</Filter>
    </ClInclude>
    <ClInclude Include="BuildInfo.h">
      <Filter>Header Files</Filter>
    </ClInclude>
    <ClInclude Include="TS3Connection.h">
      <Filter>Header Files</Filter>
    </ClInclude>
    <ClInclude Include="resource.h">
      <Filter>Header Files</Filter>
    </ClInclude>
    <ClInclude Include="TS3Control.h">
      <Filter>Header Files</Filter>
    </ClInclude>
    <ClInclude Include="LocationalTimer.h">
      <Filter>Header Files</Filter>
    </ClInclude>
    <ClInclude Include="MarkerEditor.h">
      <Filter>Header Files</Filter>
    </ClInclude>
    <ClInclude Include="TacticalCompass.h">
      <Filter>Header Files</Filter>
    </ClInclude>
    <ClInclude Include="RangeDisplay.h">
      <Filter>Header Files</Filter>
    </ClInclude>
    <ClInclude Include="HPGrid.h">
      <Filter>Header Files</Filter>
    </ClInclude>
    <ClInclude Include="Notepad.h">
      <Filter>Header Files</Filter>
    </ClInclude>
    <ClInclude Include="GW2API.h">
      <Filter>Header Files</Filter>
    </ClInclude>
    <ClInclude Include="RaidProgress.h">
      <Filter>Header Files</Filter>
    </ClInclude>
    <ClInclude Include="DungeonProgress.h">
      <Filter>Header Files</Filter>
    </ClInclude>
    <ClInclude Include="WvW.h">
      <Filter>Header Files</Filter>
    </ClInclude>
    <ClInclude Include="SpecialGUIItems.h">
      <Filter>Header Files</Filter>
    </ClInclude>
    <ClInclude Include="TrailLogger.h">
      <Filter>Header Files</Filter>
    </ClInclude>
    <ClInclude Include="Language.h">
      <Filter>Header Files</Filter>
    </ClInclude>
    <ClInclude Include="TPTracker.h">
      <Filter>Header Files</Filter>
    </ClInclude>
    <ClInclude Include="InputHooks.h">
      <Filter>Header Files</Filter>
    </ClInclude>
  </ItemGroup>
  <ItemGroup>
    <Xml Include="poidata.xml" />
    <Xml Include="UI.xml" />
    <Xml Include="maptimer.xml" />
    <Xml Include="TacO_Language_cn.xml">
      <Filter>Resource Files</Filter>
    </Xml>
  </ItemGroup>
  <ItemGroup>
    <None Include="UI.css" />
  </ItemGroup>
  <ItemGroup>
    <ResourceCompile Include="GW2TacO.rc">
      <Filter>Resource Files</Filter>
    </ResourceCompile>
  </ItemGroup>
  <ItemGroup>
    <Image Include="Taco-16.ico">
      <Filter>Resource Files</Filter>
    </Image>
  </ItemGroup>
  <ItemGroup>
    <Text Include="notepad.txt">
      <Filter>Resource Files</Filter>
    </Text>
  </ItemGroup>
</Project>