<?xml version="1.0" encoding="utf-8"?>
<Project ToolsVersion="4.0" xmlns="http://schemas.microsoft.com/developer/msbuild/2003">
  <ItemGroup>
    <Filter Include="Source Files">
      <UniqueIdentifier>{4FC737F1-C7A5-4376-A066-2A32D752A2FF}</UniqueIdentifier>
      <Extensions>cpp;c;cc;cxx;def;odl;idl;hpj;bat;asm;asmx</Extensions>
    </Filter>
    <Filter Include="Header Files">
      <UniqueIdentifier>{93995380-89BD-4b04-88EB-625FBE52EBFB}</UniqueIdentifier>
      <Extensions>h;hpp;hxx;hm;inl;inc;xsd</Extensions>
    </Filter>
    <Filter Include="Resource Files">
      <UniqueIdentifier>{67DA6AB6-F800-4c08-8B7A-83BB121AAD01}</UniqueIdentifier>
      <Extensions>rc;ico;cur;bmp;dlg;rc2;rct;bin;rgs;gif;jpg;jpeg;jpe;resx;tiff;tif;png;wav;mfcribbon-ms</Extensions>
    </Filter>
    <Filter Include="Header Files\GuiItems">
      <UniqueIdentifier>{490669f5-6085-4b05-9725-0e0a4e494ddd}</UniqueIdentifier>
    </Filter>
    <Filter Include="Source Files\GuiItems">
      <UniqueIdentifier>{9f430e5f-e927-44bf-8a17-bcb5d79a7afd}</UniqueIdentifier>
    </Filter>
  </ItemGroup>
  <ItemGroup>
    <ClInclude Include="Application.h">
      <Filter>Header Files</Filter>
    </ClInclude>
    <ClInclude Include="GuiItem.h">
      <Filter>Header Files</Filter>
    </ClInclude>
    <ClInclude Include="WhiteBoard.h" />
    <ClInclude Include="Message.h">
      <Filter>Header Files</Filter>
    </ClInclude>
    <ClInclude Include="Root.h">
      <Filter>Header Files\GuiItems</Filter>
    </ClInclude>
    <ClInclude Include="Button.h">
      <Filter>Header Files\GuiItems</Filter>
    </ClInclude>
    <ClInclude Include="Window.h">
      <Filter>Header Files\GuiItems</Filter>
    </ClInclude>
    <ClInclude Include="DrawAPI.h">
      <Filter>Header Files</Filter>
    </ClInclude>
    <ClInclude Include="Font.h">
      <Filter>Header Files</Filter>
    </ClInclude>
    <ClInclude Include="Atlas.h">
      <Filter>Header Files</Filter>
    </ClInclude>
    <ClInclude Include="CSSItem.h">
      <Filter>Header Files</Filter>
    </ClInclude>
    <ClInclude Include="ContextMenu.h">
      <Filter>Header Files\GuiItems</Filter>
    </ClInclude>
    <ClInclude Include="StyleManager.h">
      <Filter>Header Files</Filter>
    </ClInclude>
    <ClInclude Include="Label.h">
      <Filter>Header Files\GuiItems</Filter>
    </ClInclude>
    <ClInclude Include="Box.h">
      <Filter>Header Files\GuiItems</Filter>
    </ClInclude>
    <ClInclude Include="Skin.h">
      <Filter>Header Files</Filter>
    </ClInclude>
    <ClInclude Include="BasePCH.h">
      <Filter>Header Files</Filter>
    </ClInclude>
    <ClInclude Include="TextBox.h">
      <Filter>Header Files\GuiItems</Filter>
    </ClInclude>
    <ClInclude Include="ItemSelector.h">
      <Filter>Header Files\GuiItems</Filter>
    </ClInclude>
  </ItemGroup>
  <ItemGroup>
    <None Include="TODO.txt" />
  </ItemGroup>
  <ItemGroup>
    <ClCompile Include="Application.cpp">
      <Filter>Source Files</Filter>
    </ClCompile>
    <ClCompile Include="GuiItem.cpp">
      <Filter>Source Files</Filter>
    </ClCompile>
    <ClCompile Include="Message.cpp">
      <Filter>Source Files</Filter>
    </ClCompile>
    <ClCompile Include="Root.cpp">
      <Filter>Source Files\GuiItems</Filter>
    </ClCompile>
    <ClCompile Include="Button.cpp">
      <Filter>Source Files\GuiItems</Filter>
    </ClCompile>
    <ClCompile Include="Window.cpp">
      <Filter>Source Files\GuiItems</Filter>
    </ClCompile>
    <ClCompile Include="DrawAPI.cpp">
      <Filter>Source Files</Filter>
    </ClCompile>
    <ClCompile Include="Font.cpp">
      <Filter>Source Files</Filter>
    </ClCompile>
    <ClCompile Include="Atlas.cpp">
      <Filter>Source Files</Filter>
    </ClCompile>
    <ClCompile Include="CSSItem.cpp">
      <Filter>Source Files</Filter>
    </ClCompile>
    <ClCompile Include="ContextMenu.cpp">
      <Filter>Source Files\GuiItems</Filter>
    </ClCompile>
    <ClCompile Include="StyleManager.cpp">
      <Filter>Source Files</Filter>
    </ClCompile>
    <ClCompile Include="Label.cpp">
      <Filter>Source Files\GuiItems</Filter>
    </ClCompile>
    <ClCompile Include="Box.cpp">
      <Filter>Source Files\GuiItems</Filter>
    </ClCompile>
    <ClCompile Include="Skin.cpp">
      <Filter>Source Files</Filter>
    </ClCompile>
    <ClCompile Include="BasePCH.cpp">
      <Filter>Source Files</Filter>
    </ClCompile>
    <ClCompile Include="TextBox.cpp">
      <Filter>Source Files\GuiItems</Filter>
    </ClCompile>
    <ClCompile Include="ItemSelector.cpp">
      <Filter>Source Files\GuiItems</Filter>
    </ClCompile>
  </ItemGroup>
</Project>